// !$*UTF8*$!
{
	archiveVersion = 1;
	classes = {
	};
	objectVersion = 55;
	objects = {

/* Begin PBXBuildFile section */
		A70C4E8A288FFE75000B60FB /* PictureManagerApp.swift in Sources */ = {isa = PBXBuildFile; fileRef = A70C4E89288FFE75000B60FB /* PictureManagerApp.swift */; };
		A70C4E8E288FFE77000B60FB /* Assets.xcassets in Resources */ = {isa = PBXBuildFile; fileRef = A70C4E8D288FFE77000B60FB /* Assets.xcassets */; };
		A70C4E91288FFE77000B60FB /* Preview Assets.xcassets in Resources */ = {isa = PBXBuildFile; fileRef = A70C4E90288FFE77000B60FB /* Preview Assets.xcassets */; };
		A70C4E9C288FFE77000B60FB /* PictureManagerTests.swift in Sources */ = {isa = PBXBuildFile; fileRef = A70C4E9B288FFE77000B60FB /* PictureManagerTests.swift */; };
		A70C4EA6288FFE77000B60FB /* PictureManagerUITests.swift in Sources */ = {isa = PBXBuildFile; fileRef = A70C4EA5288FFE77000B60FB /* PictureManagerUITests.swift */; };
		A70C4EA8288FFE77000B60FB /* PictureManagerUITestsLaunchTests.swift in Sources */ = {isa = PBXBuildFile; fileRef = A70C4EA7288FFE77000B60FB /* PictureManagerUITestsLaunchTests.swift */; };
		A70C4EBB28900003000B60FB /* DirectoryTreeView.swift in Sources */ = {isa = PBXBuildFile; fileRef = A70C4EB728900002000B60FB /* DirectoryTreeView.swift */; };
		A70C4EBC28900003000B60FB /* MainView.swift in Sources */ = {isa = PBXBuildFile; fileRef = A70C4EB828900002000B60FB /* MainView.swift */; };
		A70C4EBD28900003000B60FB /* FilesContentView.swift in Sources */ = {isa = PBXBuildFile; fileRef = A70C4EB928900002000B60FB /* FilesContentView.swift */; };
		A70C4EBE28900003000B60FB /* ContentView.swift in Sources */ = {isa = PBXBuildFile; fileRef = A70C4EBA28900002000B60FB /* ContentView.swift */; };
		A70C4EC2289001F4000B60FB /* FileInfo.swift in Sources */ = {isa = PBXBuildFile; fileRef = A70C4EBF289001F4000B60FB /* FileInfo.swift */; };
		A70C4EC3289001F4000B60FB /* DirectoryInfo.swift in Sources */ = {isa = PBXBuildFile; fileRef = A70C4EC0289001F4000B60FB /* DirectoryInfo.swift */; };
		A70C4EC4289001F4000B60FB /* ModelData.swift in Sources */ = {isa = PBXBuildFile; fileRef = A70C4EC1289001F4000B60FB /* ModelData.swift */; };
		A70C4EC6289001FE000B60FB /* FileSystemManager.swift in Sources */ = {isa = PBXBuildFile; fileRef = A70C4EC5289001FE000B60FB /* FileSystemManager.swift */; };
		A72A93FB2ADF800200A8544F /* FilesDetailView.swift in Sources */ = {isa = PBXBuildFile; fileRef = A72A93FA2ADF800200A8544F /* FilesDetailView.swift */; };
		A72A93FD2ADF979600A8544F /* FilesViewEnumerations.swift in Sources */ = {isa = PBXBuildFile; fileRef = A72A93FC2ADF979600A8544F /* FilesViewEnumerations.swift */; };
		A72A93FF2AE0EEAB00A8544F /* ImageFileInfo.swift in Sources */ = {isa = PBXBuildFile; fileRef = A72A93FE2AE0EEAB00A8544F /* ImageFileInfo.swift */; };
		A72A94012AE1079700A8544F /* FileThumbnailView.swift in Sources */ = {isa = PBXBuildFile; fileRef = A72A94002AE1079700A8544F /* FileThumbnailView.swift */; };
		A72A94032AE2151600A8544F /* URLExtension.swift in Sources */ = {isa = PBXBuildFile; fileRef = A72A94022AE2151600A8544F /* URLExtension.swift */; };
		A72A94052AE22C5B00A8544F /* ThumbnailCache.swift in Sources */ = {isa = PBXBuildFile; fileRef = A72A94042AE22C5B00A8544F /* ThumbnailCache.swift */; };
		A72A940B2AE3DD2800A8544F /* FileUrlProvider.swift in Sources */ = {isa = PBXBuildFile; fileRef = A72A940A2AE3DD2800A8544F /* FileUrlProvider.swift */; };
		A72A940D2AE762CA00A8544F /* FilesViewStates.swift in Sources */ = {isa = PBXBuildFile; fileRef = A72A940C2AE762CA00A8544F /* FilesViewStates.swift */; };
		A72A940F2AF341B700A8544F /* RegularFileInfo.swift in Sources */ = {isa = PBXBuildFile; fileRef = A72A940E2AF341B700A8544F /* RegularFileInfo.swift */; };
		A72C47EA28A79D1300100C9E /* ImageDetailView.swift in Sources */ = {isa = PBXBuildFile; fileRef = A72C47E928A79D1300100C9E /* ImageDetailView.swift */; };
		A72C47ED28A7ECA200100C9E /* Xcode.png in Resources */ = {isa = PBXBuildFile; fileRef = A72C47EC28A7ECA200100C9E /* Xcode.png */; };
		A73265C32AD13F410071C7AA /* ItemProvider.swift in Sources */ = {isa = PBXBuildFile; fileRef = A73265C22AD13F410071C7AA /* ItemProvider.swift */; };
		A754B0122A07657C00D44872 /* SettingsView.swift in Sources */ = {isa = PBXBuildFile; fileRef = A754B0112A07657C00D44872 /* SettingsView.swift */; };
		A7612BB82B0F4CDD0038CF76 /* EnvironmentValuesExtension.swift in Sources */ = {isa = PBXBuildFile; fileRef = A7612BB72B0F4CDD0038CF76 /* EnvironmentValuesExtension.swift */; };
		A7612BBA2B0F5A350038CF76 /* ViewExtension.swift in Sources */ = {isa = PBXBuildFile; fileRef = A7612BB92B0F5A350038CF76 /* ViewExtension.swift */; };
		A7612BBC2B0F67A00038CF76 /* PathBar.swift in Sources */ = {isa = PBXBuildFile; fileRef = A7612BBB2B0F67A00038CF76 /* PathBar.swift */; };
		A7612BBE2B1F12020038CF76 /* FileSearchMatcher.swift in Sources */ = {isa = PBXBuildFile; fileRef = A7612BBD2B1F12020038CF76 /* FileSearchMatcher.swift */; };
		A767C42328A4BB830012C345 /* ArrayExtension.swift in Sources */ = {isa = PBXBuildFile; fileRef = A767C42228A4BB830012C345 /* ArrayExtension.swift */; };
		A77A89142A0237F6000207FC /* ViewHelper.swift in Sources */ = {isa = PBXBuildFile; fileRef = A77A89132A0237F6000207FC /* ViewHelper.swift */; };
		A77AF8BF28AB7F78002391D5 /* FileDetailView.swift in Sources */ = {isa = PBXBuildFile; fileRef = A77AF8BE28AB7F78002391D5 /* FileDetailView.swift */; };
/* End PBXBuildFile section */

/* Begin PBXContainerItemProxy section */
		A70C4E98288FFE77000B60FB /* PBXContainerItemProxy */ = {
			isa = PBXContainerItemProxy;
			containerPortal = A70C4E7E288FFE75000B60FB /* Project object */;
			proxyType = 1;
			remoteGlobalIDString = A70C4E85288FFE75000B60FB;
			remoteInfo = PictureManager;
		};
		A70C4EA2288FFE77000B60FB /* PBXContainerItemProxy */ = {
			isa = PBXContainerItemProxy;
			containerPortal = A70C4E7E288FFE75000B60FB /* Project object */;
			proxyType = 1;
			remoteGlobalIDString = A70C4E85288FFE75000B60FB;
			remoteInfo = PictureManager;
		};
/* End PBXContainerItemProxy section */

/* Begin PBXFileReference section */
		A70C4E86288FFE75000B60FB /* PictureManager.app */ = {isa = PBXFileReference; explicitFileType = wrapper.application; includeInIndex = 0; path = PictureManager.app; sourceTree = BUILT_PRODUCTS_DIR; };
		A70C4E89288FFE75000B60FB /* PictureManagerApp.swift */ = {isa = PBXFileReference; lastKnownFileType = sourcecode.swift; path = PictureManagerApp.swift; sourceTree = "<group>"; };
		A70C4E8D288FFE77000B60FB /* Assets.xcassets */ = {isa = PBXFileReference; lastKnownFileType = folder.assetcatalog; path = Assets.xcassets; sourceTree = "<group>"; };
		A70C4E90288FFE77000B60FB /* Preview Assets.xcassets */ = {isa = PBXFileReference; lastKnownFileType = folder.assetcatalog; path = "Preview Assets.xcassets"; sourceTree = "<group>"; };
		A70C4E92288FFE77000B60FB /* PictureManager.entitlements */ = {isa = PBXFileReference; lastKnownFileType = text.plist.entitlements; path = PictureManager.entitlements; sourceTree = "<group>"; };
		A70C4E97288FFE77000B60FB /* PictureManagerTests.xctest */ = {isa = PBXFileReference; explicitFileType = wrapper.cfbundle; includeInIndex = 0; path = PictureManagerTests.xctest; sourceTree = BUILT_PRODUCTS_DIR; };
		A70C4E9B288FFE77000B60FB /* PictureManagerTests.swift */ = {isa = PBXFileReference; lastKnownFileType = sourcecode.swift; path = PictureManagerTests.swift; sourceTree = "<group>"; };
		A70C4EA1288FFE77000B60FB /* PictureManagerUITests.xctest */ = {isa = PBXFileReference; explicitFileType = wrapper.cfbundle; includeInIndex = 0; path = PictureManagerUITests.xctest; sourceTree = BUILT_PRODUCTS_DIR; };
		A70C4EA5288FFE77000B60FB /* PictureManagerUITests.swift */ = {isa = PBXFileReference; lastKnownFileType = sourcecode.swift; path = PictureManagerUITests.swift; sourceTree = "<group>"; };
		A70C4EA7288FFE77000B60FB /* PictureManagerUITestsLaunchTests.swift */ = {isa = PBXFileReference; lastKnownFileType = sourcecode.swift; path = PictureManagerUITestsLaunchTests.swift; sourceTree = "<group>"; };
		A70C4EB728900002000B60FB /* DirectoryTreeView.swift */ = {isa = PBXFileReference; fileEncoding = 4; lastKnownFileType = sourcecode.swift; path = DirectoryTreeView.swift; sourceTree = "<group>"; };
		A70C4EB828900002000B60FB /* MainView.swift */ = {isa = PBXFileReference; fileEncoding = 4; lastKnownFileType = sourcecode.swift; path = MainView.swift; sourceTree = "<group>"; };
		A70C4EB928900002000B60FB /* FilesContentView.swift */ = {isa = PBXFileReference; fileEncoding = 4; lastKnownFileType = sourcecode.swift; path = FilesContentView.swift; sourceTree = "<group>"; };
		A70C4EBA28900002000B60FB /* ContentView.swift */ = {isa = PBXFileReference; fileEncoding = 4; lastKnownFileType = sourcecode.swift; path = ContentView.swift; sourceTree = "<group>"; };
		A70C4EBF289001F4000B60FB /* FileInfo.swift */ = {isa = PBXFileReference; fileEncoding = 4; lastKnownFileType = sourcecode.swift; path = FileInfo.swift; sourceTree = "<group>"; };
		A70C4EC0289001F4000B60FB /* DirectoryInfo.swift */ = {isa = PBXFileReference; fileEncoding = 4; lastKnownFileType = sourcecode.swift; path = DirectoryInfo.swift; sourceTree = "<group>"; };
		A70C4EC1289001F4000B60FB /* ModelData.swift */ = {isa = PBXFileReference; fileEncoding = 4; lastKnownFileType = sourcecode.swift; path = ModelData.swift; sourceTree = "<group>"; };
		A70C4EC5289001FE000B60FB /* FileSystemManager.swift */ = {isa = PBXFileReference; fileEncoding = 4; lastKnownFileType = sourcecode.swift; path = FileSystemManager.swift; sourceTree = "<group>"; };
		A72A93FA2ADF800200A8544F /* FilesDetailView.swift */ = {isa = PBXFileReference; lastKnownFileType = sourcecode.swift; path = FilesDetailView.swift; sourceTree = "<group>"; };
		A72A93FC2ADF979600A8544F /* FilesViewEnumerations.swift */ = {isa = PBXFileReference; fileEncoding = 4; lastKnownFileType = sourcecode.swift; path = FilesViewEnumerations.swift; sourceTree = "<group>"; };
		A72A93FE2AE0EEAB00A8544F /* ImageFileInfo.swift */ = {isa = PBXFileReference; lastKnownFileType = sourcecode.swift; path = ImageFileInfo.swift; sourceTree = "<group>"; };
		A72A94002AE1079700A8544F /* FileThumbnailView.swift */ = {isa = PBXFileReference; lastKnownFileType = sourcecode.swift; path = FileThumbnailView.swift; sourceTree = "<group>"; };
		A72A94022AE2151600A8544F /* URLExtension.swift */ = {isa = PBXFileReference; lastKnownFileType = sourcecode.swift; path = URLExtension.swift; sourceTree = "<group>"; };
		A72A94042AE22C5B00A8544F /* ThumbnailCache.swift */ = {isa = PBXFileReference; lastKnownFileType = sourcecode.swift; path = ThumbnailCache.swift; sourceTree = "<group>"; };
		A72A940A2AE3DD2800A8544F /* FileUrlProvider.swift */ = {isa = PBXFileReference; fileEncoding = 4; lastKnownFileType = sourcecode.swift; path = FileUrlProvider.swift; sourceTree = "<group>"; };
		A72A940C2AE762CA00A8544F /* FilesViewStates.swift */ = {isa = PBXFileReference; lastKnownFileType = sourcecode.swift; path = FilesViewStates.swift; sourceTree = "<group>"; };
		A72A940E2AF341B700A8544F /* RegularFileInfo.swift */ = {isa = PBXFileReference; lastKnownFileType = sourcecode.swift; path = RegularFileInfo.swift; sourceTree = "<group>"; };
		A72C47E928A79D1300100C9E /* ImageDetailView.swift */ = {isa = PBXFileReference; lastKnownFileType = sourcecode.swift; path = ImageDetailView.swift; sourceTree = "<group>"; };
		A72C47EC28A7ECA200100C9E /* Xcode.png */ = {isa = PBXFileReference; lastKnownFileType = image.png; path = Xcode.png; sourceTree = "<group>"; };
		A73265C12ACFD0510071C7AA /* Info.plist */ = {isa = PBXFileReference; lastKnownFileType = text.plist; path = Info.plist; sourceTree = "<group>"; };
		A73265C22AD13F410071C7AA /* ItemProvider.swift */ = {isa = PBXFileReference; lastKnownFileType = sourcecode.swift; path = ItemProvider.swift; sourceTree = "<group>"; };
		A754B0112A07657C00D44872 /* SettingsView.swift */ = {isa = PBXFileReference; lastKnownFileType = sourcecode.swift; path = SettingsView.swift; sourceTree = "<group>"; };
		A7612BB72B0F4CDD0038CF76 /* EnvironmentValuesExtension.swift */ = {isa = PBXFileReference; lastKnownFileType = sourcecode.swift; path = EnvironmentValuesExtension.swift; sourceTree = "<group>"; };
		A7612BB92B0F5A350038CF76 /* ViewExtension.swift */ = {isa = PBXFileReference; lastKnownFileType = sourcecode.swift; path = ViewExtension.swift; sourceTree = "<group>"; };
		A7612BBB2B0F67A00038CF76 /* PathBar.swift */ = {isa = PBXFileReference; lastKnownFileType = sourcecode.swift; path = PathBar.swift; sourceTree = "<group>"; };
		A7612BBD2B1F12020038CF76 /* FileSearchMatcher.swift */ = {isa = PBXFileReference; lastKnownFileType = sourcecode.swift; path = FileSearchMatcher.swift; sourceTree = "<group>"; };
		A767C42228A4BB830012C345 /* ArrayExtension.swift */ = {isa = PBXFileReference; lastKnownFileType = sourcecode.swift; path = ArrayExtension.swift; sourceTree = "<group>"; };
		A77A89132A0237F6000207FC /* ViewHelper.swift */ = {isa = PBXFileReference; lastKnownFileType = sourcecode.swift; path = ViewHelper.swift; sourceTree = "<group>"; };
		A77AF8BE28AB7F78002391D5 /* FileDetailView.swift */ = {isa = PBXFileReference; lastKnownFileType = sourcecode.swift; path = FileDetailView.swift; sourceTree = "<group>"; };
/* End PBXFileReference section */

/* Begin PBXFrameworksBuildPhase section */
		A70C4E83288FFE75000B60FB /* Frameworks */ = {
			isa = PBXFrameworksBuildPhase;
			buildActionMask = 2147483647;
			files = (
			);
			runOnlyForDeploymentPostprocessing = 0;
		};
		A70C4E94288FFE77000B60FB /* Frameworks */ = {
			isa = PBXFrameworksBuildPhase;
			buildActionMask = 2147483647;
			files = (
			);
			runOnlyForDeploymentPostprocessing = 0;
		};
		A70C4E9E288FFE77000B60FB /* Frameworks */ = {
			isa = PBXFrameworksBuildPhase;
			buildActionMask = 2147483647;
			files = (
			);
			runOnlyForDeploymentPostprocessing = 0;
		};
/* End PBXFrameworksBuildPhase section */

/* Begin PBXGroup section */
		A70C4E7D288FFE75000B60FB = {
			isa = PBXGroup;
			children = (
				A70C4E88288FFE75000B60FB /* PictureManager */,
				A70C4E9A288FFE77000B60FB /* PictureManagerTests */,
				A70C4EA4288FFE77000B60FB /* PictureManagerUITests */,
				A70C4E87288FFE75000B60FB /* Products */,
			);
			sourceTree = "<group>";
		};
		A70C4E87288FFE75000B60FB /* Products */ = {
			isa = PBXGroup;
			children = (
				A70C4E86288FFE75000B60FB /* PictureManager.app */,
				A70C4E97288FFE77000B60FB /* PictureManagerTests.xctest */,
				A70C4EA1288FFE77000B60FB /* PictureManagerUITests.xctest */,
			);
			name = Products;
			sourceTree = "<group>";
		};
		A70C4E88288FFE75000B60FB /* PictureManager */ = {
			isa = PBXGroup;
			children = (
				A73265C12ACFD0510071C7AA /* Info.plist */,
				A70C4EB6288FFE99000B60FB /* FileSystem */,
				A70C4EB5288FFE90000B60FB /* Views */,
				A70C4EB4288FFE88000B60FB /* Models */,
				A70C4E89288FFE75000B60FB /* PictureManagerApp.swift */,
				A70C4E8D288FFE77000B60FB /* Assets.xcassets */,
				A70C4E92288FFE77000B60FB /* PictureManager.entitlements */,
				A72C47EB28A7B14200100C9E /* Resources */,
				A70C4E8F288FFE77000B60FB /* Preview Content */,
			);
			path = PictureManager;
			sourceTree = "<group>";
		};
		A70C4E8F288FFE77000B60FB /* Preview Content */ = {
			isa = PBXGroup;
			children = (
				A70C4E90288FFE77000B60FB /* Preview Assets.xcassets */,
			);
			path = "Preview Content";
			sourceTree = "<group>";
		};
		A70C4E9A288FFE77000B60FB /* PictureManagerTests */ = {
			isa = PBXGroup;
			children = (
				A70C4E9B288FFE77000B60FB /* PictureManagerTests.swift */,
			);
			path = PictureManagerTests;
			sourceTree = "<group>";
		};
		A70C4EA4288FFE77000B60FB /* PictureManagerUITests */ = {
			isa = PBXGroup;
			children = (
				A70C4EA5288FFE77000B60FB /* PictureManagerUITests.swift */,
				A70C4EA7288FFE77000B60FB /* PictureManagerUITestsLaunchTests.swift */,
			);
			path = PictureManagerUITests;
			sourceTree = "<group>";
		};
		A70C4EB4288FFE88000B60FB /* Models */ = {
			isa = PBXGroup;
			children = (
				A70C4EBF289001F4000B60FB /* FileInfo.swift */,
				A70C4EC0289001F4000B60FB /* DirectoryInfo.swift */,
				A72A940E2AF341B700A8544F /* RegularFileInfo.swift */,
				A72A93FE2AE0EEAB00A8544F /* ImageFileInfo.swift */,
				A72A94042AE22C5B00A8544F /* ThumbnailCache.swift */,
				A70C4EC1289001F4000B60FB /* ModelData.swift */,
				A767C42228A4BB830012C345 /* ArrayExtension.swift */,
				A72A94022AE2151600A8544F /* URLExtension.swift */,
				A7612BB92B0F5A350038CF76 /* ViewExtension.swift */,
				A7612BB72B0F4CDD0038CF76 /* EnvironmentValuesExtension.swift */,
				A73265C22AD13F410071C7AA /* ItemProvider.swift */,
			);
			path = Models;
			sourceTree = "<group>";
		};
		A70C4EB5288FFE90000B60FB /* Views */ = {
			isa = PBXGroup;
			children = (
				A70C4EBA28900002000B60FB /* ContentView.swift */,
				A70C4EB728900002000B60FB /* DirectoryTreeView.swift */,
				A70C4EB928900002000B60FB /* FilesContentView.swift */,
				A72A93FC2ADF979600A8544F /* FilesViewEnumerations.swift */,
				A72A940C2AE762CA00A8544F /* FilesViewStates.swift */,
				A72A93FA2ADF800200A8544F /* FilesDetailView.swift */,
				A72A94002AE1079700A8544F /* FileThumbnailView.swift */,
				A77AF8BE28AB7F78002391D5 /* FileDetailView.swift */,
				A72C47E928A79D1300100C9E /* ImageDetailView.swift */,
				A754B0112A07657C00D44872 /* SettingsView.swift */,
				A77A89132A0237F6000207FC /* ViewHelper.swift */,
				A70C4EB828900002000B60FB /* MainView.swift */,
				A7612BBB2B0F67A00038CF76 /* PathBar.swift */,
			);
			path = Views;
			sourceTree = "<group>";
		};
		A70C4EB6288FFE99000B60FB /* FileSystem */ = {
			isa = PBXGroup;
			children = (
				A70C4EC5289001FE000B60FB /* FileSystemManager.swift */,
				A72A940A2AE3DD2800A8544F /* FileUrlProvider.swift */,
				A7612BBD2B1F12020038CF76 /* FileSearchMatcher.swift */,
			);
			path = FileSystem;
			sourceTree = "<group>";
		};
		A72C47EB28A7B14200100C9E /* Resources */ = {
			isa = PBXGroup;
			children = (
				A72C47EC28A7ECA200100C9E /* Xcode.png */,
			);
			path = Resources;
			sourceTree = "<group>";
		};
/* End PBXGroup section */

/* Begin PBXNativeTarget section */
		A70C4E85288FFE75000B60FB /* PictureManager */ = {
			isa = PBXNativeTarget;
			buildConfigurationList = A70C4EAB288FFE77000B60FB /* Build configuration list for PBXNativeTarget "PictureManager" */;
			buildPhases = (
				A70C4E82288FFE75000B60FB /* Sources */,
				A70C4E83288FFE75000B60FB /* Frameworks */,
				A70C4E84288FFE75000B60FB /* Resources */,
			);
			buildRules = (
			);
			dependencies = (
			);
			name = PictureManager;
			productName = PictureManager;
			productReference = A70C4E86288FFE75000B60FB /* PictureManager.app */;
			productType = "com.apple.product-type.application";
		};
		A70C4E96288FFE77000B60FB /* PictureManagerTests */ = {
			isa = PBXNativeTarget;
			buildConfigurationList = A70C4EAE288FFE77000B60FB /* Build configuration list for PBXNativeTarget "PictureManagerTests" */;
			buildPhases = (
				A70C4E93288FFE77000B60FB /* Sources */,
				A70C4E94288FFE77000B60FB /* Frameworks */,
				A70C4E95288FFE77000B60FB /* Resources */,
			);
			buildRules = (
			);
			dependencies = (
				A70C4E99288FFE77000B60FB /* PBXTargetDependency */,
			);
			name = PictureManagerTests;
			productName = PictureManagerTests;
			productReference = A70C4E97288FFE77000B60FB /* PictureManagerTests.xctest */;
			productType = "com.apple.product-type.bundle.unit-test";
		};
		A70C4EA0288FFE77000B60FB /* PictureManagerUITests */ = {
			isa = PBXNativeTarget;
			buildConfigurationList = A70C4EB1288FFE77000B60FB /* Build configuration list for PBXNativeTarget "PictureManagerUITests" */;
			buildPhases = (
				A70C4E9D288FFE77000B60FB /* Sources */,
				A70C4E9E288FFE77000B60FB /* Frameworks */,
				A70C4E9F288FFE77000B60FB /* Resources */,
			);
			buildRules = (
			);
			dependencies = (
				A70C4EA3288FFE77000B60FB /* PBXTargetDependency */,
			);
			name = PictureManagerUITests;
			productName = PictureManagerUITests;
			productReference = A70C4EA1288FFE77000B60FB /* PictureManagerUITests.xctest */;
			productType = "com.apple.product-type.bundle.ui-testing";
		};
/* End PBXNativeTarget section */

/* Begin PBXProject section */
		A70C4E7E288FFE75000B60FB /* Project object */ = {
			isa = PBXProject;
			attributes = {
				BuildIndependentTargetsInParallel = 1;
				LastSwiftUpdateCheck = 1320;
				LastUpgradeCheck = 1430;
				TargetAttributes = {
					A70C4E85288FFE75000B60FB = {
						CreatedOnToolsVersion = 13.2.1;
					};
					A70C4E96288FFE77000B60FB = {
						CreatedOnToolsVersion = 13.2.1;
						TestTargetID = A70C4E85288FFE75000B60FB;
					};
					A70C4EA0288FFE77000B60FB = {
						CreatedOnToolsVersion = 13.2.1;
						TestTargetID = A70C4E85288FFE75000B60FB;
					};
				};
			};
			buildConfigurationList = A70C4E81288FFE75000B60FB /* Build configuration list for PBXProject "PictureManager" */;
			compatibilityVersion = "Xcode 13.0";
			developmentRegion = en;
			hasScannedForEncodings = 0;
			knownRegions = (
				en,
				Base,
			);
			mainGroup = A70C4E7D288FFE75000B60FB;
			productRefGroup = A70C4E87288FFE75000B60FB /* Products */;
			projectDirPath = "";
			projectRoot = "";
			targets = (
				A70C4E85288FFE75000B60FB /* PictureManager */,
				A70C4E96288FFE77000B60FB /* PictureManagerTests */,
				A70C4EA0288FFE77000B60FB /* PictureManagerUITests */,
			);
		};
/* End PBXProject section */

/* Begin PBXResourcesBuildPhase section */
		A70C4E84288FFE75000B60FB /* Resources */ = {
			isa = PBXResourcesBuildPhase;
			buildActionMask = 2147483647;
			files = (
				A70C4E91288FFE77000B60FB /* Preview Assets.xcassets in Resources */,
				A70C4E8E288FFE77000B60FB /* Assets.xcassets in Resources */,
				A72C47ED28A7ECA200100C9E /* Xcode.png in Resources */,
			);
			runOnlyForDeploymentPostprocessing = 0;
		};
		A70C4E95288FFE77000B60FB /* Resources */ = {
			isa = PBXResourcesBuildPhase;
			buildActionMask = 2147483647;
			files = (
			);
			runOnlyForDeploymentPostprocessing = 0;
		};
		A70C4E9F288FFE77000B60FB /* Resources */ = {
			isa = PBXResourcesBuildPhase;
			buildActionMask = 2147483647;
			files = (
			);
			runOnlyForDeploymentPostprocessing = 0;
		};
/* End PBXResourcesBuildPhase section */

/* Begin PBXSourcesBuildPhase section */
		A70C4E82288FFE75000B60FB /* Sources */ = {
			isa = PBXSourcesBuildPhase;
			buildActionMask = 2147483647;
			files = (
				A7612BBC2B0F67A00038CF76 /* PathBar.swift in Sources */,
				A754B0122A07657C00D44872 /* SettingsView.swift in Sources */,
				A70C4EBD28900003000B60FB /* FilesContentView.swift in Sources */,
				A77AF8BF28AB7F78002391D5 /* FileDetailView.swift in Sources */,
				A72A93FB2ADF800200A8544F /* FilesDetailView.swift in Sources */,
				A70C4EBE28900003000B60FB /* ContentView.swift in Sources */,
				A72A940B2AE3DD2800A8544F /* FileUrlProvider.swift in Sources */,
				A72A940F2AF341B700A8544F /* RegularFileInfo.swift in Sources */,
				A7612BBE2B1F12020038CF76 /* FileSearchMatcher.swift in Sources */,
				A72A94032AE2151600A8544F /* URLExtension.swift in Sources */,
				A72A94052AE22C5B00A8544F /* ThumbnailCache.swift in Sources */,
				A70C4EC6289001FE000B60FB /* FileSystemManager.swift in Sources */,
				A72C47EA28A79D1300100C9E /* ImageDetailView.swift in Sources */,
				A72A93FF2AE0EEAB00A8544F /* ImageFileInfo.swift in Sources */,
				A7612BBA2B0F5A350038CF76 /* ViewExtension.swift in Sources */,
				A72A94012AE1079700A8544F /* FileThumbnailView.swift in Sources */,
				A73265C32AD13F410071C7AA /* ItemProvider.swift in Sources */,
				A7612BB82B0F4CDD0038CF76 /* EnvironmentValuesExtension.swift in Sources */,
				A72A93FD2ADF979600A8544F /* FilesViewEnumerations.swift in Sources */,
				A767C42328A4BB830012C345 /* ArrayExtension.swift in Sources */,
				A77A89142A0237F6000207FC /* ViewHelper.swift in Sources */,
				A70C4EC3289001F4000B60FB /* DirectoryInfo.swift in Sources */,
				A72A940D2AE762CA00A8544F /* FilesViewStates.swift in Sources */,
				A70C4EBC28900003000B60FB /* MainView.swift in Sources */,
				A70C4EC2289001F4000B60FB /* FileInfo.swift in Sources */,
				A70C4EC4289001F4000B60FB /* ModelData.swift in Sources */,
				A70C4E8A288FFE75000B60FB /* PictureManagerApp.swift in Sources */,
				A70C4EBB28900003000B60FB /* DirectoryTreeView.swift in Sources */,
			);
			runOnlyForDeploymentPostprocessing = 0;
		};
		A70C4E93288FFE77000B60FB /* Sources */ = {
			isa = PBXSourcesBuildPhase;
			buildActionMask = 2147483647;
			files = (
				A70C4E9C288FFE77000B60FB /* PictureManagerTests.swift in Sources */,
			);
			runOnlyForDeploymentPostprocessing = 0;
		};
		A70C4E9D288FFE77000B60FB /* Sources */ = {
			isa = PBXSourcesBuildPhase;
			buildActionMask = 2147483647;
			files = (
				A70C4EA6288FFE77000B60FB /* PictureManagerUITests.swift in Sources */,
				A70C4EA8288FFE77000B60FB /* PictureManagerUITestsLaunchTests.swift in Sources */,
			);
			runOnlyForDeploymentPostprocessing = 0;
		};
/* End PBXSourcesBuildPhase section */

/* Begin PBXTargetDependency section */
		A70C4E99288FFE77000B60FB /* PBXTargetDependency */ = {
			isa = PBXTargetDependency;
			target = A70C4E85288FFE75000B60FB /* PictureManager */;
			targetProxy = A70C4E98288FFE77000B60FB /* PBXContainerItemProxy */;
		};
		A70C4EA3288FFE77000B60FB /* PBXTargetDependency */ = {
			isa = PBXTargetDependency;
			target = A70C4E85288FFE75000B60FB /* PictureManager */;
			targetProxy = A70C4EA2288FFE77000B60FB /* PBXContainerItemProxy */;
		};
/* End PBXTargetDependency section */

/* Begin XCBuildConfiguration section */
		A70C4EA9288FFE77000B60FB /* Debug */ = {
			isa = XCBuildConfiguration;
			buildSettings = {
				ALWAYS_SEARCH_USER_PATHS = NO;
				CLANG_ANALYZER_NONNULL = YES;
				CLANG_ANALYZER_NUMBER_OBJECT_CONVERSION = YES_AGGRESSIVE;
				CLANG_CXX_LANGUAGE_STANDARD = "gnu++17";
				CLANG_CXX_LIBRARY = "libc++";
				CLANG_ENABLE_MODULES = YES;
				CLANG_ENABLE_OBJC_ARC = YES;
				CLANG_ENABLE_OBJC_WEAK = YES;
				CLANG_WARN_BLOCK_CAPTURE_AUTORELEASING = YES;
				CLANG_WARN_BOOL_CONVERSION = YES;
				CLANG_WARN_COMMA = YES;
				CLANG_WARN_CONSTANT_CONVERSION = YES;
				CLANG_WARN_DEPRECATED_OBJC_IMPLEMENTATIONS = YES;
				CLANG_WARN_DIRECT_OBJC_ISA_USAGE = YES_ERROR;
				CLANG_WARN_DOCUMENTATION_COMMENTS = YES;
				CLANG_WARN_EMPTY_BODY = YES;
				CLANG_WARN_ENUM_CONVERSION = YES;
				CLANG_WARN_INFINITE_RECURSION = YES;
				CLANG_WARN_INT_CONVERSION = YES;
				CLANG_WARN_NON_LITERAL_NULL_CONVERSION = YES;
				CLANG_WARN_OBJC_IMPLICIT_RETAIN_SELF = YES;
				CLANG_WARN_OBJC_LITERAL_CONVERSION = YES;
				CLANG_WARN_OBJC_ROOT_CLASS = YES_ERROR;
				CLANG_WARN_QUOTED_INCLUDE_IN_FRAMEWORK_HEADER = YES;
				CLANG_WARN_RANGE_LOOP_ANALYSIS = YES;
				CLANG_WARN_STRICT_PROTOTYPES = YES;
				CLANG_WARN_SUSPICIOUS_MOVE = YES;
				CLANG_WARN_UNGUARDED_AVAILABILITY = YES_AGGRESSIVE;
				CLANG_WARN_UNREACHABLE_CODE = YES;
				CLANG_WARN__DUPLICATE_METHOD_MATCH = YES;
				COPY_PHASE_STRIP = NO;
				DEAD_CODE_STRIPPING = YES;
				DEBUG_INFORMATION_FORMAT = dwarf;
				ENABLE_STRICT_OBJC_MSGSEND = YES;
				ENABLE_TESTABILITY = YES;
				GCC_C_LANGUAGE_STANDARD = gnu11;
				GCC_DYNAMIC_NO_PIC = NO;
				GCC_NO_COMMON_BLOCKS = YES;
				GCC_OPTIMIZATION_LEVEL = 0;
				GCC_PREPROCESSOR_DEFINITIONS = (
					"DEBUG=1",
					"$(inherited)",
				);
				GCC_WARN_64_TO_32_BIT_CONVERSION = YES;
				GCC_WARN_ABOUT_RETURN_TYPE = YES_ERROR;
				GCC_WARN_UNDECLARED_SELECTOR = YES;
				GCC_WARN_UNINITIALIZED_AUTOS = YES_AGGRESSIVE;
				GCC_WARN_UNUSED_FUNCTION = YES;
				GCC_WARN_UNUSED_VARIABLE = YES;
				MACOSX_DEPLOYMENT_TARGET = 12.1;
				MTL_ENABLE_DEBUG_INFO = INCLUDE_SOURCE;
				MTL_FAST_MATH = YES;
				ONLY_ACTIVE_ARCH = YES;
				SDKROOT = macosx;
				SWIFT_ACTIVE_COMPILATION_CONDITIONS = DEBUG;
				SWIFT_OPTIMIZATION_LEVEL = "-Onone";
			};
			name = Debug;
		};
		A70C4EAA288FFE77000B60FB /* Release */ = {
			isa = XCBuildConfiguration;
			buildSettings = {
				ALWAYS_SEARCH_USER_PATHS = NO;
				CLANG_ANALYZER_NONNULL = YES;
				CLANG_ANALYZER_NUMBER_OBJECT_CONVERSION = YES_AGGRESSIVE;
				CLANG_CXX_LANGUAGE_STANDARD = "gnu++17";
				CLANG_CXX_LIBRARY = "libc++";
				CLANG_ENABLE_MODULES = YES;
				CLANG_ENABLE_OBJC_ARC = YES;
				CLANG_ENABLE_OBJC_WEAK = YES;
				CLANG_WARN_BLOCK_CAPTURE_AUTORELEASING = YES;
				CLANG_WARN_BOOL_CONVERSION = YES;
				CLANG_WARN_COMMA = YES;
				CLANG_WARN_CONSTANT_CONVERSION = YES;
				CLANG_WARN_DEPRECATED_OBJC_IMPLEMENTATIONS = YES;
				CLANG_WARN_DIRECT_OBJC_ISA_USAGE = YES_ERROR;
				CLANG_WARN_DOCUMENTATION_COMMENTS = YES;
				CLANG_WARN_EMPTY_BODY = YES;
				CLANG_WARN_ENUM_CONVERSION = YES;
				CLANG_WARN_INFINITE_RECURSION = YES;
				CLANG_WARN_INT_CONVERSION = YES;
				CLANG_WARN_NON_LITERAL_NULL_CONVERSION = YES;
				CLANG_WARN_OBJC_IMPLICIT_RETAIN_SELF = YES;
				CLANG_WARN_OBJC_LITERAL_CONVERSION = YES;
				CLANG_WARN_OBJC_ROOT_CLASS = YES_ERROR;
				CLANG_WARN_QUOTED_INCLUDE_IN_FRAMEWORK_HEADER = YES;
				CLANG_WARN_RANGE_LOOP_ANALYSIS = YES;
				CLANG_WARN_STRICT_PROTOTYPES = YES;
				CLANG_WARN_SUSPICIOUS_MOVE = YES;
				CLANG_WARN_UNGUARDED_AVAILABILITY = YES_AGGRESSIVE;
				CLANG_WARN_UNREACHABLE_CODE = YES;
				CLANG_WARN__DUPLICATE_METHOD_MATCH = YES;
				COPY_PHASE_STRIP = NO;
				DEAD_CODE_STRIPPING = YES;
				DEBUG_INFORMATION_FORMAT = "dwarf-with-dsym";
				ENABLE_NS_ASSERTIONS = NO;
				ENABLE_STRICT_OBJC_MSGSEND = YES;
				GCC_C_LANGUAGE_STANDARD = gnu11;
				GCC_NO_COMMON_BLOCKS = YES;
				GCC_WARN_64_TO_32_BIT_CONVERSION = YES;
				GCC_WARN_ABOUT_RETURN_TYPE = YES_ERROR;
				GCC_WARN_UNDECLARED_SELECTOR = YES;
				GCC_WARN_UNINITIALIZED_AUTOS = YES_AGGRESSIVE;
				GCC_WARN_UNUSED_FUNCTION = YES;
				GCC_WARN_UNUSED_VARIABLE = YES;
				MACOSX_DEPLOYMENT_TARGET = 12.1;
				MTL_ENABLE_DEBUG_INFO = NO;
				MTL_FAST_MATH = YES;
				SDKROOT = macosx;
				SWIFT_COMPILATION_MODE = wholemodule;
				SWIFT_OPTIMIZATION_LEVEL = "-O";
			};
			name = Release;
		};
		A70C4EAC288FFE77000B60FB /* Debug */ = {
			isa = XCBuildConfiguration;
			buildSettings = {
				ASSETCATALOG_COMPILER_APPICON_NAME = AppIcon;
				ASSETCATALOG_COMPILER_GLOBAL_ACCENT_COLOR_NAME = AccentColor;
				CODE_SIGN_ENTITLEMENTS = PictureManager/PictureManager.entitlements;
				CODE_SIGN_STYLE = Automatic;
				COMBINE_HIDPI_IMAGES = YES;
				CURRENT_PROJECT_VERSION = 1;
				DEAD_CODE_STRIPPING = YES;
				DEVELOPMENT_ASSET_PATHS = "\"PictureManager/Preview Content\"";
				ENABLE_PREVIEWS = YES;
				GENERATE_INFOPLIST_FILE = YES;
				INFOPLIST_FILE = PictureManager/Info.plist;
				INFOPLIST_KEY_NSHumanReadableCopyright = "";
				LD_RUNPATH_SEARCH_PATHS = (
					"$(inherited)",
					"@executable_path/../Frameworks",
				);
				MACOSX_DEPLOYMENT_TARGET = 12.1;
				MARKETING_VERSION = 1.0;
				PRODUCT_BUNDLE_IDENTIFIER = org.cosmos.PictureManager;
				PRODUCT_NAME = "$(TARGET_NAME)";
				SWIFT_EMIT_LOC_STRINGS = YES;
				SWIFT_VERSION = 5.0;
			};
			name = Debug;
		};
		A70C4EAD288FFE77000B60FB /* Release */ = {
			isa = XCBuildConfiguration;
			buildSettings = {
				ASSETCATALOG_COMPILER_APPICON_NAME = AppIcon;
				ASSETCATALOG_COMPILER_GLOBAL_ACCENT_COLOR_NAME = AccentColor;
				CODE_SIGN_ENTITLEMENTS = PictureManager/PictureManager.entitlements;
				CODE_SIGN_STYLE = Automatic;
				COMBINE_HIDPI_IMAGES = YES;
				CURRENT_PROJECT_VERSION = 1;
				DEAD_CODE_STRIPPING = YES;
				DEVELOPMENT_ASSET_PATHS = "\"PictureManager/Preview Content\"";
				ENABLE_PREVIEWS = YES;
				GENERATE_INFOPLIST_FILE = YES;
				INFOPLIST_FILE = PictureManager/Info.plist;
				INFOPLIST_KEY_NSHumanReadableCopyright = "";
				LD_RUNPATH_SEARCH_PATHS = (
					"$(inherited)",
					"@executable_path/../Frameworks",
				);
				MACOSX_DEPLOYMENT_TARGET = 12.1;
				MARKETING_VERSION = 1.0;
				PRODUCT_BUNDLE_IDENTIFIER = org.cosmos.PictureManager;
				PRODUCT_NAME = "$(TARGET_NAME)";
				SWIFT_EMIT_LOC_STRINGS = YES;
				SWIFT_VERSION = 5.0;
			};
			name = Release;
		};
		A70C4EAF288FFE77000B60FB /* Debug */ = {
			isa = XCBuildConfiguration;
			buildSettings = {
				ALWAYS_EMBED_SWIFT_STANDARD_LIBRARIES = YES;
				BUNDLE_LOADER = "$(TEST_HOST)";
				CODE_SIGN_STYLE = Automatic;
				CURRENT_PROJECT_VERSION = 1;
				DEAD_CODE_STRIPPING = YES;
				GENERATE_INFOPLIST_FILE = YES;
				MACOSX_DEPLOYMENT_TARGET = 12.1;
				MARKETING_VERSION = 1.0;
				PRODUCT_BUNDLE_IDENTIFIER = org.cosmos.PictureManagerTests;
				PRODUCT_NAME = "$(TARGET_NAME)";
				SWIFT_EMIT_LOC_STRINGS = NO;
				SWIFT_VERSION = 5.0;
				TEST_HOST = "$(BUILT_PRODUCTS_DIR)/PictureManager.app/Contents/MacOS/PictureManager";
			};
			name = Debug;
		};
		A70C4EB0288FFE77000B60FB /* Release */ = {
			isa = XCBuildConfiguration;
			buildSettings = {
				ALWAYS_EMBED_SWIFT_STANDARD_LIBRARIES = YES;
				BUNDLE_LOADER = "$(TEST_HOST)";
				CODE_SIGN_STYLE = Automatic;
				CURRENT_PROJECT_VERSION = 1;
				DEAD_CODE_STRIPPING = YES;
				GENERATE_INFOPLIST_FILE = YES;
				MACOSX_DEPLOYMENT_TARGET = 12.1;
				MARKETING_VERSION = 1.0;
				PRODUCT_BUNDLE_IDENTIFIER = org.cosmos.PictureManagerTests;
				PRODUCT_NAME = "$(TARGET_NAME)";
				SWIFT_EMIT_LOC_STRINGS = NO;
				SWIFT_VERSION = 5.0;
				TEST_HOST = "$(BUILT_PRODUCTS_DIR)/PictureManager.app/Contents/MacOS/PictureManager";
			};
			name = Release;
		};
		A70C4EB2288FFE77000B60FB /* Debug */ = {
			isa = XCBuildConfiguration;
			buildSettings = {
				ALWAYS_EMBED_SWIFT_STANDARD_LIBRARIES = YES;
				CODE_SIGN_STYLE = Automatic;
				CURRENT_PROJECT_VERSION = 1;
				DEAD_CODE_STRIPPING = YES;
				GENERATE_INFOPLIST_FILE = YES;
				MARKETING_VERSION = 1.0;
				PRODUCT_BUNDLE_IDENTIFIER = org.cosmos.PictureManagerUITests;
				PRODUCT_NAME = "$(TARGET_NAME)";
				SWIFT_EMIT_LOC_STRINGS = NO;
				SWIFT_VERSION = 5.0;
				TEST_TARGET_NAME = PictureManager;
			};
			name = Debug;
		};
		A70C4EB3288FFE77000B60FB /* Release */ = {
			isa = XCBuildConfiguration;
			buildSettings = {
				ALWAYS_EMBED_SWIFT_STANDARD_LIBRARIES = YES;
				CODE_SIGN_STYLE = Automatic;
				CURRENT_PROJECT_VERSION = 1;
				DEAD_CODE_STRIPPING = YES;
				GENERATE_INFOPLIST_FILE = YES;
				MARKETING_VERSION = 1.0;
				PRODUCT_BUNDLE_IDENTIFIER = org.cosmos.PictureManagerUITests;
				PRODUCT_NAME = "$(TARGET_NAME)";
				SWIFT_EMIT_LOC_STRINGS = NO;
				SWIFT_VERSION = 5.0;
				TEST_TARGET_NAME = PictureManager;
			};
			name = Release;
		};
/* End XCBuildConfiguration section */

/* Begin XCConfigurationList section */
		A70C4E81288FFE75000B60FB /* Build configuration list for PBXProject "PictureManager" */ = {
			isa = XCConfigurationList;
			buildConfigurations = (
				A70C4EA9288FFE77000B60FB /* Debug */,
				A70C4EAA288FFE77000B60FB /* Release */,
			);
			defaultConfigurationIsVisible = 0;
			defaultConfigurationName = Release;
		};
		A70C4EAB288FFE77000B60FB /* Build configuration list for PBXNativeTarget "PictureManager" */ = {
			isa = XCConfigurationList;
			buildConfigurations = (
				A70C4EAC288FFE77000B60FB /* Debug */,
				A70C4EAD288FFE77000B60FB /* Release */,
			);
			defaultConfigurationIsVisible = 0;
			defaultConfigurationName = Release;
		};
		A70C4EAE288FFE77000B60FB /* Build configuration list for PBXNativeTarget "PictureManagerTests" */ = {
			isa = XCConfigurationList;
			buildConfigurations = (
				A70C4EAF288FFE77000B60FB /* Debug */,
				A70C4EB0288FFE77000B60FB /* Release */,
			);
			defaultConfigurationIsVisible = 0;
			defaultConfigurationName = Release;
		};
		A70C4EB1288FFE77000B60FB /* Build configuration list for PBXNativeTarget "PictureManagerUITests" */ = {
			isa = XCConfigurationList;
			buildConfigurations = (
				A70C4EB2288FFE77000B60FB /* Debug */,
				A70C4EB3288FFE77000B60FB /* Release */,
			);
			defaultConfigurationIsVisible = 0;
			defaultConfigurationName = Release;
		};
/* End XCConfigurationList section */
	};
	rootObject = A70C4E7E288FFE75000B60FB /* Project object */;
}
